
Microsoft Visual Studio Solution File, Format Version 12.00
# Visual Studio Version 17
VisualStudioVersion = 17.3.32901.215
MinimumVisualStudioVersion = 10.0.40219.1
Project("{2150E333-8FDC-42A3-9474-1A3956D46DE8}") = "src", "src", "{B5973133-5633-4C08-9062-D464E242ECD3}"
EndProject
Project("{2150E333-8FDC-42A3-9474-1A3956D46DE8}") = "RB.Core", "RB.Core", "{C36B8446-2404-449E-A058-FC5F779615B1}"
EndProject
Project("{2150E333-8FDC-42A3-9474-1A3956D46DE8}") = "RB.Infrastructure", "RB.Infrastructure", "{DB557B05-50FB-4AF5-83F7-E68D21BDD614}"
EndProject
Project("{2150E333-8FDC-42A3-9474-1A3956D46DE8}") = "RB.Presentation", "RB.Presentation", "{E1683971-3126-4725-8052-E8B20300E27E}"
EndProject
Project("{FAE04EC0-301F-11D3-BF4B-00C04F79EFBC}") = "RB.Core.Application", "RB.Core.Application\RB.Core.Application.csproj", "{EA8F1333-515D-499E-95BB-E8C81CD27D3A}"
EndProject
Project("{FAE04EC0-301F-11D3-BF4B-00C04F79EFBC}") = "RB.Core.Domain", "RB.Core.Domain\RB.Core.Domain.csproj", "{7623D6FB-5AD2-493D-89D6-AFACF0FAEAC8}"
EndProject
Project("{FAE04EC0-301F-11D3-BF4B-00C04F79EFBC}") = "RB.Infrastructure", "RB.Infrastructure.Repository\RB.Infrastructure.csproj", "{DCBC1AAA-E6C5-49E0-8F5D-6C00903595D8}"
EndProject
Project("{2150E333-8FDC-42A3-9474-1A3956D46DE8}") = "Admin", "Admin", "{2D91D837-0876-4850-9D77-324562175D5A}"
EndProject
Project("{2150E333-8FDC-42A3-9474-1A3956D46DE8}") = "User", "User", "{5449DF2C-70D6-427B-A0E7-6400F9009E05}"
EndProject
Project("{FAE04EC0-301F-11D3-BF4B-00C04F79EFBC}") = "RB.Presentation.User.API", "RB.Presentation.User.API\RB.Presentation.User.API.csproj", "{BB3160AE-F09D-4825-8676-945446D78DB6}"
EndProject
Project("{FAE04EC0-301F-11D3-BF4B-00C04F79EFBC}") = "RB.Presentation.Admin.API", "RB.Presentation.Admin.API\RB.Presentation.Admin.API.csproj", "{EFB8EC67-8066-4D36-8EAC-AB2246F9A35E}"
EndProject
Global
	GlobalSection(SolutionConfigurationPlatforms) = preSolution
		Debug|Any CPU = Debug|Any CPU
		Release|Any CPU = Release|Any CPU
	EndGlobalSection
	GlobalSection(ProjectConfigurationPlatforms) = postSolution
		{EA8F1333-515D-499E-95BB-E8C81CD27D3A}.Debug|Any CPU.ActiveCfg = Debug|Any CPU
		{EA8F1333-515D-499E-95BB-E8C81CD27D3A}.Debug|Any CPU.Build.0 = Debug|Any CPU
		{EA8F1333-515D-499E-95BB-E8C81CD27D3A}.Release|Any CPU.ActiveCfg = Release|Any CPU
		{EA8F1333-515D-499E-95BB-E8C81CD27D3A}.Release|Any CPU.Build.0 = Release|Any CPU
		{7623D6FB-5AD2-493D-89D6-AFACF0FAEAC8}.Debug|Any CPU.ActiveCfg = Debug|Any CPU
		{7623D6FB-5AD2-493D-89D6-AFACF0FAEAC8}.Debug|Any CPU.Build.0 = Debug|Any CPU
		{7623D6FB-5AD2-493D-89D6-AFACF0FAEAC8}.Release|Any CPU.ActiveCfg = Release|Any CPU
		{7623D6FB-5AD2-493D-89D6-AFACF0FAEAC8}.Release|Any CPU.Build.0 = Release|Any CPU
		{DCBC1AAA-E6C5-49E0-8F5D-6C00903595D8}.Debug|Any CPU.ActiveCfg = Debug|Any CPU
		{DCBC1AAA-E6C5-49E0-8F5D-6C00903595D8}.Debug|Any CPU.Build.0 = Debug|Any CPU
		{DCBC1AAA-E6C5-49E0-8F5D-6C00903595D8}.Release|Any CPU.ActiveCfg = Release|Any CPU
		{DCBC1AAA-E6C5-49E0-8F5D-6C00903595D8}.Release|Any CPU.Build.0 = Release|Any CPU
		{BB3160AE-F09D-4825-8676-945446D78DB6}.Debug|Any CPU.ActiveCfg = Debug|Any CPU
		{BB3160AE-F09D-4825-8676-945446D78DB6}.Debug|Any CPU.Build.0 = Debug|Any CPU
		{BB3160AE-F09D-4825-8676-945446D78DB6}.Release|Any CPU.ActiveCfg = Release|Any CPU
		{BB3160AE-F09D-4825-8676-945446D78DB6}.Release|Any CPU.Build.0 = Release|Any CPU
		{EFB8EC67-8066-4D36-8EAC-AB2246F9A35E}.Debug|Any CPU.ActiveCfg = Debug|Any CPU
		{EFB8EC67-8066-4D36-8EAC-AB2246F9A35E}.Debug|Any CPU.Build.0 = Debug|Any CPU
		{EFB8EC67-8066-4D36-8EAC-AB2246F9A35E}.Release|Any CPU.ActiveCfg = Release|Any CPU
		{EFB8EC67-8066-4D36-8EAC-AB2246F9A35E}.Release|Any CPU.Build.0 = Release|Any CPU
	EndGlobalSection
	GlobalSection(SolutionProperties) = preSolution
		HideSolutionNode = FALSE
	EndGlobalSection
	GlobalSection(NestedProjects) = preSolution
		{C36B8446-2404-449E-A058-FC5F779615B1} = {B5973133-5633-4C08-9062-D464E242ECD3}
		{DB557B05-50FB-4AF5-83F7-E68D21BDD614} = {B5973133-5633-4C08-9062-D464E242ECD3}
		{E1683971-3126-4725-8052-E8B20300E27E} = {B5973133-5633-4C08-9062-D464E242ECD3}
		{EA8F1333-515D-499E-95BB-E8C81CD27D3A} = {C36B8446-2404-449E-A058-FC5F779615B1}
		{7623D6FB-5AD2-493D-89D6-AFACF0FAEAC8} = {C36B8446-2404-449E-A058-FC5F779615B1}
		{DCBC1AAA-E6C5-49E0-8F5D-6C00903595D8} = {DB557B05-50FB-4AF5-83F7-E68D21BDD614}
		{2D91D837-0876-4850-9D77-324562175D5A} = {E1683971-3126-4725-8052-E8B20300E27E}
		{5449DF2C-70D6-427B-A0E7-6400F9009E05} = {E1683971-3126-4725-8052-E8B20300E27E}
		{BB3160AE-F09D-4825-8676-945446D78DB6} = {5449DF2C-70D6-427B-A0E7-6400F9009E05}
		{EFB8EC67-8066-4D36-8EAC-AB2246F9A35E} = {2D91D837-0876-4850-9D77-324562175D5A}
	EndGlobalSection
	GlobalSection(ExtensibilityGlobals) = postSolution
		SolutionGuid = {A7B49A4E-579F-460C-BC17-350EB8E91C4F}
	EndGlobalSection
EndGlobal
